
Microsoft Visual Studio Solution File, Format Version 12.00
# Visual Studio Version 17
VisualStudioVersion = 17.9.34728.123
MinimumVisualStudioVersion = 10.0.40219.1
Project("{8BC9CEB8-8B4A-11D0-8D11-00A0C91BC942}") = "InvisibleChair", "InvisibleChair\InvisibleChair.vcxproj", "{226E0606-4217-41F9-BC82-BD6569CDBA16}"
EndProject
Global
	GlobalSection(SolutionConfigurationPlatforms) = preSolution
		Debug|x64 = Debug|x64
		Debug|x86 = Debug|x86
		Release|x64 = Release|x64
		Release|x86 = Release|x86
	EndGlobalSection
	GlobalSection(ProjectConfigurationPlatforms) = postSolution
		{226E0606-4217-41F9-BC82-BD6569CDBA16}.Debug|x64.ActiveCfg = Debug|x64
		{226E0606-4217-41F9-BC82-BD6569CDBA16}.Debug|x64.Build.0 = Debug|x64
		{226E0606-4217-41F9-BC82-BD6569CDBA16}.Debug|x86.ActiveCfg = Debug|Win32
		{226E0606-4217-41F9-BC82-BD6569CDBA16}.Debug|x86.Build.0 = Debug|Win32
		{226E0606-4217-41F9-BC82-BD6569CDBA16}.Release|x64.ActiveCfg = Release|x64
		{226E0606-4217-41F9-BC82-BD6569CDBA16}.Release|x64.Build.0 = Release|x64
		{226E0606-4217-41F9-BC82-BD6569CDBA16}.Release|x86.ActiveCfg = Release|Win32
		{226E0606-4217-41F9-BC82-BD6569CDBA16}.Release|x86.Build.0 = Release|Win32
	EndGlobalSection
	GlobalSection(SolutionProperties) = preSolution
		HideSolutionNode = FALSE
	EndGlobalSection
	GlobalSection(ExtensibilityGlobals) = postSolution
		SolutionGuid = {8DCDCF7A-5BD5-4AC8-BD54-02654516383A}
	EndGlobalSection
EndGlobal
